// !$*UTF8*$!
{
	archiveVersion = 1;
	classes = {
	};
	objectVersion = 55;
	objects = {

/* Begin PBXBuildFile section */
		DB5348382926282F00BFF7FC /* CalculatorViewController.swift in Sources */ = {isa = PBXBuildFile; fileRef = DB5348372926282E00BFF7FC /* CalculatorViewController.swift */; };
		DB53483A2926284100BFF7FC /* EquationsViewController.swift in Sources */ = {isa = PBXBuildFile; fileRef = DB5348392926284100BFF7FC /* EquationsViewController.swift */; };
		DB53483C2926285100BFF7FC /* TablesViewController.swift in Sources */ = {isa = PBXBuildFile; fileRef = DB53483B2926285100BFF7FC /* TablesViewController.swift */; };
		DB53483E2926285F00BFF7FC /* LegalViewController.swift in Sources */ = {isa = PBXBuildFile; fileRef = DB53483D2926285F00BFF7FC /* LegalViewController.swift */; };
		DBF3D6D9293EB3BC00C1E8D9 /* TableImageViewController.swift in Sources */ = {isa = PBXBuildFile; fileRef = DBF3D6D8293EB3BC00C1E8D9 /* TableImageViewController.swift */; };
		DBF3D6DB293EB4BC00C1E8D9 /* Info.swift in Sources */ = {isa = PBXBuildFile; fileRef = DBF3D6DA293EB4BC00C1E8D9 /* Info.swift */; };
		DBF3D6DD293EC1C600C1E8D9 /* EquationsImageViewController.swift in Sources */ = {isa = PBXBuildFile; fileRef = DBF3D6DC293EC1C600C1E8D9 /* EquationsImageViewController.swift */; };
		DBF3D6DF293EC2CC00C1E8D9 /* EquationsImages.swift in Sources */ = {isa = PBXBuildFile; fileRef = DBF3D6DE293EC2CC00C1E8D9 /* EquationsImages.swift */; };
		F4C35C2C291153670085C7A3 /* AppDelegate.swift in Sources */ = {isa = PBXBuildFile; fileRef = F4C35C2B291153670085C7A3 /* AppDelegate.swift */; };
		F4C35C2E291153670085C7A3 /* SceneDelegate.swift in Sources */ = {isa = PBXBuildFile; fileRef = F4C35C2D291153670085C7A3 /* SceneDelegate.swift */; };
		F4C35C30291153670085C7A3 /* HomeViewController.swift in Sources */ = {isa = PBXBuildFile; fileRef = F4C35C2F291153670085C7A3 /* HomeViewController.swift */; };
		F4C35C33291153670085C7A3 /* Main.storyboard in Resources */ = {isa = PBXBuildFile; fileRef = F4C35C31291153670085C7A3 /* Main.storyboard */; };
		F4C35C35291153680085C7A3 /* Assets.xcassets in Resources */ = {isa = PBXBuildFile; fileRef = F4C35C34291153680085C7A3 /* Assets.xcassets */; };
		F4C35C38291153680085C7A3 /* LaunchScreen.storyboard in Resources */ = {isa = PBXBuildFile; fileRef = F4C35C36291153680085C7A3 /* LaunchScreen.storyboard */; };
		F4C35C43291153680085C7A3 /* NDSCalculatorTests.swift in Sources */ = {isa = PBXBuildFile; fileRef = F4C35C42291153680085C7A3 /* NDSCalculatorTests.swift */; };
		F4C35C4D291153680085C7A3 /* NDSCalculatorUITests.swift in Sources */ = {isa = PBXBuildFile; fileRef = F4C35C4C291153680085C7A3 /* NDSCalculatorUITests.swift */; };
		F4C35C4F291153680085C7A3 /* NDSCalculatorUITestsLaunchTests.swift in Sources */ = {isa = PBXBuildFile; fileRef = F4C35C4E291153680085C7A3 /* NDSCalculatorUITestsLaunchTests.swift */; };
/* End PBXBuildFile section */

/* Begin PBXContainerItemProxy section */
		F4C35C3F291153680085C7A3 /* PBXContainerItemProxy */ = {
			isa = PBXContainerItemProxy;
			containerPortal = F4C35C20291153670085C7A3 /* Project object */;
			proxyType = 1;
			remoteGlobalIDString = F4C35C27291153670085C7A3;
			remoteInfo = NDSCalculator;
		};
		F4C35C49291153680085C7A3 /* PBXContainerItemProxy */ = {
			isa = PBXContainerItemProxy;
			containerPortal = F4C35C20291153670085C7A3 /* Project object */;
			proxyType = 1;
			remoteGlobalIDString = F4C35C27291153670085C7A3;
			remoteInfo = NDSCalculator;
		};
/* End PBXContainerItemProxy section */

/* Begin PBXFileReference section */
		DB5348372926282E00BFF7FC /* CalculatorViewController.swift */ = {isa = PBXFileReference; lastKnownFileType = sourcecode.swift; path = CalculatorViewController.swift; sourceTree = "<group>"; };
		DB5348392926284100BFF7FC /* EquationsViewController.swift */ = {isa = PBXFileReference; lastKnownFileType = sourcecode.swift; path = EquationsViewController.swift; sourceTree = "<group>"; };
		DB53483B2926285100BFF7FC /* TablesViewController.swift */ = {isa = PBXFileReference; lastKnownFileType = sourcecode.swift; path = TablesViewController.swift; sourceTree = "<group>"; };
		DB53483D2926285F00BFF7FC /* LegalViewController.swift */ = {isa = PBXFileReference; lastKnownFileType = sourcecode.swift; path = LegalViewController.swift; sourceTree = "<group>"; };
		DBF3D6D8293EB3BC00C1E8D9 /* TableImageViewController.swift */ = {isa = PBXFileReference; lastKnownFileType = sourcecode.swift; path = TableImageViewController.swift; sourceTree = "<group>"; };
		DBF3D6DA293EB4BC00C1E8D9 /* Info.swift */ = {isa = PBXFileReference; lastKnownFileType = sourcecode.swift; path = Info.swift; sourceTree = "<group>"; };
		DBF3D6DC293EC1C600C1E8D9 /* EquationsImageViewController.swift */ = {isa = PBXFileReference; lastKnownFileType = sourcecode.swift; path = EquationsImageViewController.swift; sourceTree = "<group>"; };
		DBF3D6DE293EC2CC00C1E8D9 /* EquationsImages.swift */ = {isa = PBXFileReference; lastKnownFileType = sourcecode.swift; path = EquationsImages.swift; sourceTree = "<group>"; };
		F4C35C28291153670085C7A3 /* NDSCalculator.app */ = {isa = PBXFileReference; explicitFileType = wrapper.application; includeInIndex = 0; path = NDSCalculator.app; sourceTree = BUILT_PRODUCTS_DIR; };
		F4C35C2B291153670085C7A3 /* AppDelegate.swift */ = {isa = PBXFileReference; lastKnownFileType = sourcecode.swift; path = AppDelegate.swift; sourceTree = "<group>"; };
		F4C35C2D291153670085C7A3 /* SceneDelegate.swift */ = {isa = PBXFileReference; lastKnownFileType = sourcecode.swift; path = SceneDelegate.swift; sourceTree = "<group>"; };
		F4C35C2F291153670085C7A3 /* HomeViewController.swift */ = {isa = PBXFileReference; lastKnownFileType = sourcecode.swift; path = HomeViewController.swift; sourceTree = "<group>"; };
		F4C35C32291153670085C7A3 /* Base */ = {isa = PBXFileReference; lastKnownFileType = file.storyboard; name = Base; path = Base.lproj/Main.storyboard; sourceTree = "<group>"; };
		F4C35C34291153680085C7A3 /* Assets.xcassets */ = {isa = PBXFileReference; lastKnownFileType = folder.assetcatalog; path = Assets.xcassets; sourceTree = "<group>"; };
		F4C35C37291153680085C7A3 /* Base */ = {isa = PBXFileReference; lastKnownFileType = file.storyboard; name = Base; path = Base.lproj/LaunchScreen.storyboard; sourceTree = "<group>"; };
		F4C35C39291153680085C7A3 /* Info.plist */ = {isa = PBXFileReference; lastKnownFileType = text.plist.xml; path = Info.plist; sourceTree = "<group>"; };
		F4C35C3E291153680085C7A3 /* NDSCalculatorTests.xctest */ = {isa = PBXFileReference; explicitFileType = wrapper.cfbundle; includeInIndex = 0; path = NDSCalculatorTests.xctest; sourceTree = BUILT_PRODUCTS_DIR; };
		F4C35C42291153680085C7A3 /* NDSCalculatorTests.swift */ = {isa = PBXFileReference; lastKnownFileType = sourcecode.swift; path = NDSCalculatorTests.swift; sourceTree = "<group>"; };
		F4C35C48291153680085C7A3 /* NDSCalculatorUITests.xctest */ = {isa = PBXFileReference; explicitFileType = wrapper.cfbundle; includeInIndex = 0; path = NDSCalculatorUITests.xctest; sourceTree = BUILT_PRODUCTS_DIR; };
		F4C35C4C291153680085C7A3 /* NDSCalculatorUITests.swift */ = {isa = PBXFileReference; lastKnownFileType = sourcecode.swift; path = NDSCalculatorUITests.swift; sourceTree = "<group>"; };
		F4C35C4E291153680085C7A3 /* NDSCalculatorUITestsLaunchTests.swift */ = {isa = PBXFileReference; lastKnownFileType = sourcecode.swift; path = NDSCalculatorUITestsLaunchTests.swift; sourceTree = "<group>"; };
/* End PBXFileReference section */

/* Begin PBXFrameworksBuildPhase section */
		F4C35C25291153670085C7A3 /* Frameworks */ = {
			isa = PBXFrameworksBuildPhase;
			buildActionMask = 2147483647;
			files = (
			);
			runOnlyForDeploymentPostprocessing = 0;
		};
		F4C35C3B291153680085C7A3 /* Frameworks */ = {
			isa = PBXFrameworksBuildPhase;
			buildActionMask = 2147483647;
			files = (
			);
			runOnlyForDeploymentPostprocessing = 0;
		};
		F4C35C45291153680085C7A3 /* Frameworks */ = {
			isa = PBXFrameworksBuildPhase;
			buildActionMask = 2147483647;
			files = (
			);
			runOnlyForDeploymentPostprocessing = 0;
		};
/* End PBXFrameworksBuildPhase section */

/* Begin PBXGroup section */
		F4C35C1F291153670085C7A3 = {
			isa = PBXGroup;
			children = (
				DBF3D6DE293EC2CC00C1E8D9 /* EquationsImages.swift */,
				DBF3D6DC293EC1C600C1E8D9 /* EquationsImageViewController.swift */,
				DBF3D6DA293EB4BC00C1E8D9 /* Info.swift */,
				DB53483D2926285F00BFF7FC /* LegalViewController.swift */,
				DBF3D6D8293EB3BC00C1E8D9 /* TableImageViewController.swift */,
				DB53483B2926285100BFF7FC /* TablesViewController.swift */,
				DB5348392926284100BFF7FC /* EquationsViewController.swift */,
				DB5348372926282E00BFF7FC /* CalculatorViewController.swift */,
				F4C35C2A291153670085C7A3 /* NDSCalculator */,
				F4C35C41291153680085C7A3 /* NDSCalculatorTests */,
				F4C35C4B291153680085C7A3 /* NDSCalculatorUITests */,
				F4C35C29291153670085C7A3 /* Products */,
			);
			sourceTree = "<group>";
		};
		F4C35C29291153670085C7A3 /* Products */ = {
			isa = PBXGroup;
			children = (
				F4C35C28291153670085C7A3 /* NDSCalculator.app */,
				F4C35C3E291153680085C7A3 /* NDSCalculatorTests.xctest */,
				F4C35C48291153680085C7A3 /* NDSCalculatorUITests.xctest */,
			);
			name = Products;
			sourceTree = "<group>";
		};
		F4C35C2A291153670085C7A3 /* NDSCalculator */ = {
			isa = PBXGroup;
			children = (
				F4C35C2B291153670085C7A3 /* AppDelegate.swift */,
				F4C35C2D291153670085C7A3 /* SceneDelegate.swift */,
				F4C35C2F291153670085C7A3 /* HomeViewController.swift */,
				F4C35C31291153670085C7A3 /* Main.storyboard */,
				F4C35C34291153680085C7A3 /* Assets.xcassets */,
				F4C35C36291153680085C7A3 /* LaunchScreen.storyboard */,
				F4C35C39291153680085C7A3 /* Info.plist */,
			);
			path = NDSCalculator;
			sourceTree = "<group>";
		};
		F4C35C41291153680085C7A3 /* NDSCalculatorTests */ = {
			isa = PBXGroup;
			children = (
				F4C35C42291153680085C7A3 /* NDSCalculatorTests.swift */,
			);
			path = NDSCalculatorTests;
			sourceTree = "<group>";
		};
		F4C35C4B291153680085C7A3 /* NDSCalculatorUITests */ = {
			isa = PBXGroup;
			children = (
				F4C35C4C291153680085C7A3 /* NDSCalculatorUITests.swift */,
				F4C35C4E291153680085C7A3 /* NDSCalculatorUITestsLaunchTests.swift */,
			);
			path = NDSCalculatorUITests;
			sourceTree = "<group>";
		};
/* End PBXGroup section */

/* Begin PBXNativeTarget section */
		F4C35C27291153670085C7A3 /* NDSCalculator */ = {
			isa = PBXNativeTarget;
			buildConfigurationList = F4C35C52291153680085C7A3 /* Build configuration list for PBXNativeTarget "NDSCalculator" */;
			buildPhases = (
				F4C35C24291153670085C7A3 /* Sources */,
				F4C35C25291153670085C7A3 /* Frameworks */,
				F4C35C26291153670085C7A3 /* Resources */,
			);
			buildRules = (
			);
			dependencies = (
			);
			name = NDSCalculator;
			productName = NDSCalculator;
			productReference = F4C35C28291153670085C7A3 /* NDSCalculator.app */;
			productType = "com.apple.product-type.application";
		};
		F4C35C3D291153680085C7A3 /* NDSCalculatorTests */ = {
			isa = PBXNativeTarget;
			buildConfigurationList = F4C35C55291153680085C7A3 /* Build configuration list for PBXNativeTarget "NDSCalculatorTests" */;
			buildPhases = (
				F4C35C3A291153680085C7A3 /* Sources */,
				F4C35C3B291153680085C7A3 /* Frameworks */,
				F4C35C3C291153680085C7A3 /* Resources */,
			);
			buildRules = (
			);
			dependencies = (
				F4C35C40291153680085C7A3 /* PBXTargetDependency */,
			);
			name = NDSCalculatorTests;
			productName = NDSCalculatorTests;
			productReference = F4C35C3E291153680085C7A3 /* NDSCalculatorTests.xctest */;
			productType = "com.apple.product-type.bundle.unit-test";
		};
		F4C35C47291153680085C7A3 /* NDSCalculatorUITests */ = {
			isa = PBXNativeTarget;
			buildConfigurationList = F4C35C58291153680085C7A3 /* Build configuration list for PBXNativeTarget "NDSCalculatorUITests" */;
			buildPhases = (
				F4C35C44291153680085C7A3 /* Sources */,
				F4C35C45291153680085C7A3 /* Frameworks */,
				F4C35C46291153680085C7A3 /* Resources */,
			);
			buildRules = (
			);
			dependencies = (
				F4C35C4A291153680085C7A3 /* PBXTargetDependency */,
			);
			name = NDSCalculatorUITests;
			productName = NDSCalculatorUITests;
			productReference = F4C35C48291153680085C7A3 /* NDSCalculatorUITests.xctest */;
			productType = "com.apple.product-type.bundle.ui-testing";
		};
/* End PBXNativeTarget section */

/* Begin PBXProject section */
		F4C35C20291153670085C7A3 /* Project object */ = {
			isa = PBXProject;
			attributes = {
				BuildIndependentTargetsInParallel = 1;
				LastSwiftUpdateCheck = 1340;
				LastUpgradeCheck = 1340;
				TargetAttributes = {
					F4C35C27291153670085C7A3 = {
						CreatedOnToolsVersion = 13.4.1;
					};
					F4C35C3D291153680085C7A3 = {
						CreatedOnToolsVersion = 13.4.1;
						TestTargetID = F4C35C27291153670085C7A3;
					};
					F4C35C47291153680085C7A3 = {
						CreatedOnToolsVersion = 13.4.1;
						TestTargetID = F4C35C27291153670085C7A3;
					};
				};
			};
			buildConfigurationList = F4C35C23291153670085C7A3 /* Build configuration list for PBXProject "NDSCalculator" */;
			compatibilityVersion = "Xcode 13.0";
			developmentRegion = en;
			hasScannedForEncodings = 0;
			knownRegions = (
				en,
				Base,
			);
			mainGroup = F4C35C1F291153670085C7A3;
			productRefGroup = F4C35C29291153670085C7A3 /* Products */;
			projectDirPath = "";
			projectRoot = "";
			targets = (
				F4C35C27291153670085C7A3 /* NDSCalculator */,
				F4C35C3D291153680085C7A3 /* NDSCalculatorTests */,
				F4C35C47291153680085C7A3 /* NDSCalculatorUITests */,
			);
		};
/* End PBXProject section */

/* Begin PBXResourcesBuildPhase section */
		F4C35C26291153670085C7A3 /* Resources */ = {
			isa = PBXResourcesBuildPhase;
			buildActionMask = 2147483647;
			files = (
				F4C35C38291153680085C7A3 /* LaunchScreen.storyboard in Resources */,
				F4C35C35291153680085C7A3 /* Assets.xcassets in Resources */,
				F4C35C33291153670085C7A3 /* Main.storyboard in Resources */,
			);
			runOnlyForDeploymentPostprocessing = 0;
		};
		F4C35C3C291153680085C7A3 /* Resources */ = {
			isa = PBXResourcesBuildPhase;
			buildActionMask = 2147483647;
			files = (
			);
			runOnlyForDeploymentPostprocessing = 0;
		};
		F4C35C46291153680085C7A3 /* Resources */ = {
			isa = PBXResourcesBuildPhase;
			buildActionMask = 2147483647;
			files = (
			);
			runOnlyForDeploymentPostprocessing = 0;
		};
/* End PBXResourcesBuildPhase section */

/* Begin PBXSourcesBuildPhase section */
		F4C35C24291153670085C7A3 /* Sources */ = {
			isa = PBXSourcesBuildPhase;
			buildActionMask = 2147483647;
			files = (
				DBF3D6DD293EC1C600C1E8D9 /* EquationsImageViewController.swift in Sources */,
				F4C35C30291153670085C7A3 /* HomeViewController.swift in Sources */,
				F4C35C2C291153670085C7A3 /* AppDelegate.swift in Sources */,
				DB53483E2926285F00BFF7FC /* LegalViewController.swift in Sources */,
				DBF3D6DB293EB4BC00C1E8D9 /* Info.swift in Sources */,
				DBF3D6D9293EB3BC00C1E8D9 /* TableImageViewController.swift in Sources */,
				DB5348382926282F00BFF7FC /* CalculatorViewController.swift in Sources */,
				DBF3D6DF293EC2CC00C1E8D9 /* EquationsImages.swift in Sources */,
				DB53483C2926285100BFF7FC /* TablesViewController.swift in Sources */,
				DB53483A2926284100BFF7FC /* EquationsViewController.swift in Sources */,
				F4C35C2E291153670085C7A3 /* SceneDelegate.swift in Sources */,
			);
			runOnlyForDeploymentPostprocessing = 0;
		};
		F4C35C3A291153680085C7A3 /* Sources */ = {
			isa = PBXSourcesBuildPhase;
			buildActionMask = 2147483647;
			files = (
				F4C35C43291153680085C7A3 /* NDSCalculatorTests.swift in Sources */,
			);
			runOnlyForDeploymentPostprocessing = 0;
		};
		F4C35C44291153680085C7A3 /* Sources */ = {
			isa = PBXSourcesBuildPhase;
			buildActionMask = 2147483647;
			files = (
				F4C35C4F291153680085C7A3 /* NDSCalculatorUITestsLaunchTests.swift in Sources */,
				F4C35C4D291153680085C7A3 /* NDSCalculatorUITests.swift in Sources */,
			);
			runOnlyForDeploymentPostprocessing = 0;
		};
/* End PBXSourcesBuildPhase section */

/* Begin PBXTargetDependency section */
		F4C35C40291153680085C7A3 /* PBXTargetDependency */ = {
			isa = PBXTargetDependency;
			target = F4C35C27291153670085C7A3 /* NDSCalculator */;
			targetProxy = F4C35C3F291153680085C7A3 /* PBXContainerItemProxy */;
		};
		F4C35C4A291153680085C7A3 /* PBXTargetDependency */ = {
			isa = PBXTargetDependency;
			target = F4C35C27291153670085C7A3 /* NDSCalculator */;
			targetProxy = F4C35C49291153680085C7A3 /* PBXContainerItemProxy */;
		};
/* End PBXTargetDependency section */

/* Begin PBXVariantGroup section */
		F4C35C31291153670085C7A3 /* Main.storyboard */ = {
			isa = PBXVariantGroup;
			children = (
				F4C35C32291153670085C7A3 /* Base */,
			);
			name = Main.storyboard;
			sourceTree = "<group>";
		};
		F4C35C36291153680085C7A3 /* LaunchScreen.storyboard */ = {
			isa = PBXVariantGroup;
			children = (
				F4C35C37291153680085C7A3 /* Base */,
			);
			name = LaunchScreen.storyboard;
			sourceTree = "<group>";
		};
/* End PBXVariantGroup section */

/* Begin XCBuildConfiguration section */
		F4C35C50291153680085C7A3 /* Debug */ = {
			isa = XCBuildConfiguration;
			buildSettings = {
				ALWAYS_SEARCH_USER_PATHS = NO;
				CLANG_ANALYZER_NONNULL = YES;
				CLANG_ANALYZER_NUMBER_OBJECT_CONVERSION = YES_AGGRESSIVE;
				CLANG_CXX_LANGUAGE_STANDARD = "gnu++17";
				CLANG_ENABLE_MODULES = YES;
				CLANG_ENABLE_OBJC_ARC = YES;
				CLANG_ENABLE_OBJC_WEAK = YES;
				CLANG_WARN_BLOCK_CAPTURE_AUTORELEASING = YES;
				CLANG_WARN_BOOL_CONVERSION = YES;
				CLANG_WARN_COMMA = YES;
				CLANG_WARN_CONSTANT_CONVERSION = YES;
				CLANG_WARN_DEPRECATED_OBJC_IMPLEMENTATIONS = YES;
				CLANG_WARN_DIRECT_OBJC_ISA_USAGE = YES_ERROR;
				CLANG_WARN_DOCUMENTATION_COMMENTS = YES;
				CLANG_WARN_EMPTY_BODY = YES;
				CLANG_WARN_ENUM_CONVERSION = YES;
				CLANG_WARN_INFINITE_RECURSION = YES;
				CLANG_WARN_INT_CONVERSION = YES;
				CLANG_WARN_NON_LITERAL_NULL_CONVERSION = YES;
				CLANG_WARN_OBJC_IMPLICIT_RETAIN_SELF = YES;
				CLANG_WARN_OBJC_LITERAL_CONVERSION = YES;
				CLANG_WARN_OBJC_ROOT_CLASS = YES_ERROR;
				CLANG_WARN_QUOTED_INCLUDE_IN_FRAMEWORK_HEADER = YES;
				CLANG_WARN_RANGE_LOOP_ANALYSIS = YES;
				CLANG_WARN_STRICT_PROTOTYPES = YES;
				CLANG_WARN_SUSPICIOUS_MOVE = YES;
				CLANG_WARN_UNGUARDED_AVAILABILITY = YES_AGGRESSIVE;
				CLANG_WARN_UNREACHABLE_CODE = YES;
				CLANG_WARN__DUPLICATE_METHOD_MATCH = YES;
				COPY_PHASE_STRIP = NO;
				DEBUG_INFORMATION_FORMAT = dwarf;
				ENABLE_STRICT_OBJC_MSGSEND = YES;
				ENABLE_TESTABILITY = YES;
				GCC_C_LANGUAGE_STANDARD = gnu11;
				GCC_DYNAMIC_NO_PIC = NO;
				GCC_NO_COMMON_BLOCKS = YES;
				GCC_OPTIMIZATION_LEVEL = 0;
				GCC_PREPROCESSOR_DEFINITIONS = (
					"DEBUG=1",
					"$(inherited)",
				);
				GCC_WARN_64_TO_32_BIT_CONVERSION = YES;
				GCC_WARN_ABOUT_RETURN_TYPE = YES_ERROR;
				GCC_WARN_UNDECLARED_SELECTOR = YES;
				GCC_WARN_UNINITIALIZED_AUTOS = YES_AGGRESSIVE;
				GCC_WARN_UNUSED_FUNCTION = YES;
				GCC_WARN_UNUSED_VARIABLE = YES;
				IPHONEOS_DEPLOYMENT_TARGET = 15.5;
				MTL_ENABLE_DEBUG_INFO = INCLUDE_SOURCE;
				MTL_FAST_MATH = YES;
				ONLY_ACTIVE_ARCH = YES;
				SDKROOT = iphoneos;
				SWIFT_ACTIVE_COMPILATION_CONDITIONS = DEBUG;
				SWIFT_OPTIMIZATION_LEVEL = "-Onone";
			};
			name = Debug;
		};
		F4C35C51291153680085C7A3 /* Release */ = {
			isa = XCBuildConfiguration;
			buildSettings = {
				ALWAYS_SEARCH_USER_PATHS = NO;
				CLANG_ANALYZER_NONNULL = YES;
				CLANG_ANALYZER_NUMBER_OBJECT_CONVERSION = YES_AGGRESSIVE;
				CLANG_CXX_LANGUAGE_STANDARD = "gnu++17";
				CLANG_ENABLE_MODULES = YES;
				CLANG_ENABLE_OBJC_ARC = YES;
				CLANG_ENABLE_OBJC_WEAK = YES;
				CLANG_WARN_BLOCK_CAPTURE_AUTORELEASING = YES;
				CLANG_WARN_BOOL_CONVERSION = YES;
				CLANG_WARN_COMMA = YES;
				CLANG_WARN_CONSTANT_CONVERSION = YES;
				CLANG_WARN_DEPRECATED_OBJC_IMPLEMENTATIONS = YES;
				CLANG_WARN_DIRECT_OBJC_ISA_USAGE = YES_ERROR;
				CLANG_WARN_DOCUMENTATION_COMMENTS = YES;
				CLANG_WARN_EMPTY_BODY = YES;
				CLANG_WARN_ENUM_CONVERSION = YES;
				CLANG_WARN_INFINITE_RECURSION = YES;
				CLANG_WARN_INT_CONVERSION = YES;
				CLANG_WARN_NON_LITERAL_NULL_CONVERSION = YES;
				CLANG_WARN_OBJC_IMPLICIT_RETAIN_SELF = YES;
				CLANG_WARN_OBJC_LITERAL_CONVERSION = YES;
				CLANG_WARN_OBJC_ROOT_CLASS = YES_ERROR;
				CLANG_WARN_QUOTED_INCLUDE_IN_FRAMEWORK_HEADER = YES;
				CLANG_WARN_RANGE_LOOP_ANALYSIS = YES;
				CLANG_WARN_STRICT_PROTOTYPES = YES;
				CLANG_WARN_SUSPICIOUS_MOVE = YES;
				CLANG_WARN_UNGUARDED_AVAILABILITY = YES_AGGRESSIVE;
				CLANG_WARN_UNREACHABLE_CODE = YES;
				CLANG_WARN__DUPLICATE_METHOD_MATCH = YES;
				COPY_PHASE_STRIP = NO;
				DEBUG_INFORMATION_FORMAT = "dwarf-with-dsym";
				ENABLE_NS_ASSERTIONS = NO;
				ENABLE_STRICT_OBJC_MSGSEND = YES;
				GCC_C_LANGUAGE_STANDARD = gnu11;
				GCC_NO_COMMON_BLOCKS = YES;
				GCC_WARN_64_TO_32_BIT_CONVERSION = YES;
				GCC_WARN_ABOUT_RETURN_TYPE = YES_ERROR;
				GCC_WARN_UNDECLARED_SELECTOR = YES;
				GCC_WARN_UNINITIALIZED_AUTOS = YES_AGGRESSIVE;
				GCC_WARN_UNUSED_FUNCTION = YES;
				GCC_WARN_UNUSED_VARIABLE = YES;
				IPHONEOS_DEPLOYMENT_TARGET = 15.5;
				MTL_ENABLE_DEBUG_INFO = NO;
				MTL_FAST_MATH = YES;
				SDKROOT = iphoneos;
				SWIFT_COMPILATION_MODE = wholemodule;
				SWIFT_OPTIMIZATION_LEVEL = "-O";
				VALIDATE_PRODUCT = YES;
			};
			name = Release;
		};
		F4C35C53291153680085C7A3 /* Debug */ = {
			isa = XCBuildConfiguration;
			buildSettings = {
				ASSETCATALOG_COMPILER_APPICON_NAME = AppIcon;
				ASSETCATALOG_COMPILER_GLOBAL_ACCENT_COLOR_NAME = AccentColor;
				CODE_SIGN_STYLE = Automatic;
				CURRENT_PROJECT_VERSION = 1;
				GENERATE_INFOPLIST_FILE = YES;
				INFOPLIST_FILE = NDSCalculator/Info.plist;
				INFOPLIST_KEY_CFBundleDisplayName = "NDS Calculator";
				INFOPLIST_KEY_UIApplicationSupportsIndirectInputEvents = YES;
				INFOPLIST_KEY_UILaunchStoryboardName = LaunchScreen;
				INFOPLIST_KEY_UIMainStoryboardFile = Main;
				INFOPLIST_KEY_UISupportedInterfaceOrientations_iPad = "UIInterfaceOrientationPortrait UIInterfaceOrientationPortraitUpsideDown UIInterfaceOrientationLandscapeLeft UIInterfaceOrientationLandscapeRight";
				INFOPLIST_KEY_UISupportedInterfaceOrientations_iPhone = "UIInterfaceOrientationPortrait UIInterfaceOrientationLandscapeLeft UIInterfaceOrientationLandscapeRight";
				LD_RUNPATH_SEARCH_PATHS = (
					"$(inherited)",
					"@executable_path/Frameworks",
				);
				MARKETING_VERSION = 1.0;
				PRODUCT_BUNDLE_IDENTIFIER = nwmsu.NDSCalculator;
				PRODUCT_NAME = "$(TARGET_NAME)";
				SWIFT_EMIT_LOC_STRINGS = YES;
				SWIFT_VERSION = 5.0;
				TARGETED_DEVICE_FAMILY = "1,2";
			};
			name = Debug;
		};
		F4C35C54291153680085C7A3 /* Release */ = {
			isa = XCBuildConfiguration;
			buildSettings = {
				ASSETCATALOG_COMPILER_APPICON_NAME = AppIcon;
				ASSETCATALOG_COMPILER_GLOBAL_ACCENT_COLOR_NAME = AccentColor;
				CODE_SIGN_STYLE = Automatic;
				CURRENT_PROJECT_VERSION = 1;
				GENERATE_INFOPLIST_FILE = YES;
				INFOPLIST_FILE = NDSCalculator/Info.plist;
				INFOPLIST_KEY_CFBundleDisplayName = "NDS Calculator";
				INFOPLIST_KEY_UIApplicationSupportsIndirectInputEvents = YES;
				INFOPLIST_KEY_UILaunchStoryboardName = LaunchScreen;
				INFOPLIST_KEY_UIMainStoryboardFile = Main;
				INFOPLIST_KEY_UISupportedInterfaceOrientations_iPad = "UIInterfaceOrientationPortrait UIInterfaceOrientationPortraitUpsideDown UIInterfaceOrientationLandscapeLeft UIInterfaceOrientationLandscapeRight";
				INFOPLIST_KEY_UISupportedInterfaceOrientations_iPhone = "UIInterfaceOrientationPortrait UIInterfaceOrientationLandscapeLeft UIInterfaceOrientationLandscapeRight";
				LD_RUNPATH_SEARCH_PATHS = (
					"$(inherited)",
					"@executable_path/Frameworks",
				);
				MARKETING_VERSION = 1.0;
				PRODUCT_BUNDLE_IDENTIFIER = nwmsu.NDSCalculator;
				PRODUCT_NAME = "$(TARGET_NAME)";
				SWIFT_EMIT_LOC_STRINGS = YES;
				SWIFT_VERSION = 5.0;
				TARGETED_DEVICE_FAMILY = "1,2";
			};
			name = Release;
		};
		F4C35C56291153680085C7A3 /* Debug */ = {
			isa = XCBuildConfiguration;
			buildSettings = {
				ALWAYS_EMBED_SWIFT_STANDARD_LIBRARIES = YES;
				BUNDLE_LOADER = "$(TEST_HOST)";
				CODE_SIGN_STYLE = Automatic;
				CURRENT_PROJECT_VERSION = 1;
				GENERATE_INFOPLIST_FILE = YES;
				IPHONEOS_DEPLOYMENT_TARGET = 15.5;
				MARKETING_VERSION = 1.0;
				PRODUCT_BUNDLE_IDENTIFIER = nwmsu.NDSCalculatorTests;
				PRODUCT_NAME = "$(TARGET_NAME)";
				SWIFT_EMIT_LOC_STRINGS = NO;
				SWIFT_VERSION = 5.0;
				TARGETED_DEVICE_FAMILY = "1,2";
				TEST_HOST = "$(BUILT_PRODUCTS_DIR)/NDSCalculator.app/NDSCalculator";
			};
			name = Debug;
		};
		F4C35C57291153680085C7A3 /* Release */ = {
			isa = XCBuildConfiguration;
			buildSettings = {
				ALWAYS_EMBED_SWIFT_STANDARD_LIBRARIES = YES;
				BUNDLE_LOADER = "$(TEST_HOST)";
				CODE_SIGN_STYLE = Automatic;
				CURRENT_PROJECT_VERSION = 1;
				GENERATE_INFOPLIST_FILE = YES;
				IPHONEOS_DEPLOYMENT_TARGET = 15.5;
				MARKETING_VERSION = 1.0;
				PRODUCT_BUNDLE_IDENTIFIER = nwmsu.NDSCalculatorTests;
				PRODUCT_NAME = "$(TARGET_NAME)";
				SWIFT_EMIT_LOC_STRINGS = NO;
				SWIFT_VERSION = 5.0;
				TARGETED_DEVICE_FAMILY = "1,2";
				TEST_HOST = "$(BUILT_PRODUCTS_DIR)/NDSCalculator.app/NDSCalculator";
			};
			name = Release;
		};
		F4C35C59291153680085C7A3 /* Debug */ = {
			isa = XCBuildConfiguration;
			buildSettings = {
				ALWAYS_EMBED_SWIFT_STANDARD_LIBRARIES = YES;
				CODE_SIGN_STYLE = Automatic;
				CURRENT_PROJECT_VERSION = 1;
				GENERATE_INFOPLIST_FILE = YES;
				MARKETING_VERSION = 1.0;
				PRODUCT_BUNDLE_IDENTIFIER = nwmsu.NDSCalculatorUITests;
				PRODUCT_NAME = "$(TARGET_NAME)";
				SWIFT_EMIT_LOC_STRINGS = NO;
				SWIFT_VERSION = 5.0;
				TARGETED_DEVICE_FAMILY = "1,2";
				TEST_TARGET_NAME = NDSCalculator;
			};
			name = Debug;
		};
		F4C35C5A291153680085C7A3 /* Release */ = {
			isa = XCBuildConfiguration;
			buildSettings = {
				ALWAYS_EMBED_SWIFT_STANDARD_LIBRARIES = YES;
				CODE_SIGN_STYLE = Automatic;
				CURRENT_PROJECT_VERSION = 1;
				GENERATE_INFOPLIST_FILE = YES;
				MARKETING_VERSION = 1.0;
				PRODUCT_BUNDLE_IDENTIFIER = nwmsu.NDSCalculatorUITests;
				PRODUCT_NAME = "$(TARGET_NAME)";
				SWIFT_EMIT_LOC_STRINGS = NO;
				SWIFT_VERSION = 5.0;
				TARGETED_DEVICE_FAMILY = "1,2";
				TEST_TARGET_NAME = NDSCalculator;
			};
			name = Release;
		};
/* End XCBuildConfiguration section */

/* Begin XCConfigurationList section */
		F4C35C23291153670085C7A3 /* Build configuration list for PBXProject "NDSCalculator" */ = {
			isa = XCConfigurationList;
			buildConfigurations = (
				F4C35C50291153680085C7A3 /* Debug */,
				F4C35C51291153680085C7A3 /* Release */,
			);
			defaultConfigurationIsVisible = 0;
			defaultConfigurationName = Release;
		};
		F4C35C52291153680085C7A3 /* Build configuration list for PBXNativeTarget "NDSCalculator" */ = {
			isa = XCConfigurationList;
			buildConfigurations = (
				F4C35C53291153680085C7A3 /* Debug */,
				F4C35C54291153680085C7A3 /* Release */,
			);
			defaultConfigurationIsVisible = 0;
			defaultConfigurationName = Release;
		};
		F4C35C55291153680085C7A3 /* Build configuration list for PBXNativeTarget "NDSCalculatorTests" */ = {
			isa = XCConfigurationList;
			buildConfigurations = (
				F4C35C56291153680085C7A3 /* Debug */,
				F4C35C57291153680085C7A3 /* Release */,
			);
			defaultConfigurationIsVisible = 0;
			defaultConfigurationName = Release;
		};
		F4C35C58291153680085C7A3 /* Build configuration list for PBXNativeTarget "NDSCalculatorUITests" */ = {
			isa = XCConfigurationList;
			buildConfigurations = (
				F4C35C59291153680085C7A3 /* Debug */,
				F4C35C5A291153680085C7A3 /* Release */,
			);
			defaultConfigurationIsVisible = 0;
			defaultConfigurationName = Release;
		};
/* End XCConfigurationList section */
	};
	rootObject = F4C35C20291153670085C7A3 /* Project object */;
}
